<?xml version="1.0" encoding="utf-8"?>
<Project ToolsVersion="4.0" xmlns="http://schemas.microsoft.com/developer/msbuild/2003">
  <ItemGroup>
    <Filter Include="mesh">
      <UniqueIdentifier>{1426e341-c746-4599-84b6-2bb36ccf2a70}</UniqueIdentifier>
    </Filter>
    <Filter Include="renderer">
      <UniqueIdentifier>{b0cd3af2-0681-424e-bcc6-738f7361f3a3}</UniqueIdentifier>
    </Filter>
    <Filter Include="material">
      <UniqueIdentifier>{d1a60bbd-df22-4966-a2ea-2758165c2d12}</UniqueIdentifier>
    </Filter>
    <Filter Include="vertexbuffer">
      <UniqueIdentifier>{31aa5174-5b9d-4898-9377-df2923d298ec}</UniqueIdentifier>
    </Filter>
    <Filter Include="external">
      <UniqueIdentifier>{e81dc2bd-8678-498e-b5c7-bf2c52b00568}</UniqueIdentifier>
    </Filter>
    <Filter Include="shader">
      <UniqueIdentifier>{517cdc28-c091-4039-ac48-7d0430f2d8f4}</UniqueIdentifier>
    </Filter>
    <Filter Include="Applications">
      <UniqueIdentifier>{4FC737F1-C7A5-4376-A066-2A32D752A2FF}</UniqueIdentifier>
      <Extensions>cpp;c;cc;cxx;c++;cppm;ixx;def;odl;idl;hpj;bat;asm;asmx</Extensions>
    </Filter>
    <Filter Include="shader\shader source">
      <UniqueIdentifier>{ceff416f-4a10-451e-8bd6-5a9334bfdc54}</UniqueIdentifier>
    </Filter>
    <Filter Include="texture">
      <UniqueIdentifier>{ff26750a-2ae5-49e5-83c0-f96971df628e}</UniqueIdentifier>
    </Filter>
    <Filter Include="globals">
      <UniqueIdentifier>{7afed3e0-869f-41fe-b8ef-5ab7149086d7}</UniqueIdentifier>
    </Filter>
    <Filter Include="renderable">
      <UniqueIdentifier>{38fdfece-a707-48b0-a733-13ee9d5f695d}</UniqueIdentifier>
    </Filter>
    <Filter Include="helpers">
      <UniqueIdentifier>{3621d56c-2a2d-4dc3-ab0b-2e69c51b94e0}</UniqueIdentifier>
    </Filter>
    <Filter Include="transform">
      <UniqueIdentifier>{5ac94be4-8ecd-485c-a65f-dbbf16c66747}</UniqueIdentifier>
    </Filter>
    <Filter Include="camera">
      <UniqueIdentifier>{d9cffceb-09d9-4493-90b1-79314b6a6362}</UniqueIdentifier>
    </Filter>
    <Filter Include="scene">
      <UniqueIdentifier>{e7b8472f-a5af-4424-865e-d0bfc0ba50e1}</UniqueIdentifier>
    </Filter>
    <Filter Include="Applications\_legacy_code">
      <UniqueIdentifier>{0042bea0-8dbb-4d90-9da9-9de6fd90d0a2}</UniqueIdentifier>
    </Filter>
  </ItemGroup>
  <ItemGroup>
    <ClCompile Include="Real Time Renderer.cpp">
      <Filter>Applications</Filter>
    </ClCompile>
    <ClCompile Include="CVertexBuffer.cpp">
      <Filter>vertexbuffer</Filter>
    </ClCompile>
    <ClCompile Include="..\External\glad\glad.c">
      <Filter>external</Filter>
    </ClCompile>
    <ClCompile Include="Shader.cpp">
      <Filter>shader</Filter>
    </ClCompile>
    <ClCompile Include="CRenderer.cpp">
      <Filter>renderer</Filter>
    </ClCompile>
    <ClCompile Include="CMaterial.cpp">
      <Filter>material</Filter>
    </ClCompile>
    <ClCompile Include="CTexture.cpp">
      <Filter>texture</Filter>
    </ClCompile>
    <ClCompile Include="ImageHelper.cpp">
      <Filter>texture</Filter>
    </ClCompile>
    <ClCompile Include="CRenderable.cpp">
      <Filter>renderable</Filter>
    </ClCompile>
    <ClCompile Include="DEBUGHelperFunctions.cpp">
      <Filter>helpers</Filter>
    </ClCompile>
    <ClCompile Include="Camera.cpp">
      <Filter>camera</Filter>
    </ClCompile>
    <ClCompile Include="FlyCamera.cpp">
      <Filter>camera</Filter>
    </ClCompile>
    <ClCompile Include="Scene.cpp">
      <Filter>scene</Filter>
    </ClCompile>
    <ClCompile Include="RenderableList.cpp">
      <Filter>renderable</Filter>
    </ClCompile>
    <ClCompile Include="Model.cpp">
      <Filter>renderable</Filter>
    </ClCompile>
  </ItemGroup>
  <ItemGroup>
    <ClInclude Include="CVertexBuffer.h">
      <Filter>vertexbuffer</Filter>
    </ClInclude>
    <ClInclude Include="CMesh.h">
      <Filter>mesh</Filter>
    </ClInclude>
    <ClInclude Include="Shader.h">
      <Filter>shader</Filter>
    </ClInclude>
    <ClInclude Include="CRenderer.h">
      <Filter>renderer</Filter>
    </ClInclude>
    <ClInclude Include="CTexture.h">
      <Filter>texture</Filter>
    </ClInclude>
    <ClInclude Include="globals.h">
      <Filter>globals</Filter>
    </ClInclude>
    <ClInclude Include="stb_image.h">
      <Filter>texture</Filter>
    </ClInclude>
    <ClInclude Include="CMaterial.h">
      <Filter>material</Filter>
    </ClInclude>
    <ClInclude Include="CRenderable.h">
      <Filter>renderable</Filter>
    </ClInclude>
    <ClInclude Include="DEBUGHelperFunctions.h">
      <Filter>helpers</Filter>
    </ClInclude>
    <ClInclude Include="Transform.h">
      <Filter>transform</Filter>
    </ClInclude>
    <ClInclude Include="Camera.h">
      <Filter>camera</Filter>
    </ClInclude>
    <ClInclude Include="FlyCamera.h">
      <Filter>camera</Filter>
    </ClInclude>
    <ClInclude Include="Scene.h">
      <Filter>scene</Filter>
    </ClInclude>
    <ClInclude Include="RenderableList.h">
      <Filter>renderable</Filter>
    </ClInclude>
    <ClInclude Include="Model.h">
      <Filter>renderable</Filter>
    </ClInclude>
  </ItemGroup>
  <ItemGroup>
    <None Include="ClassDiagram.cd" />
  </ItemGroup>
  <ItemGroup>
    <Text Include="Legacy\Backups\2_8_22.txt">
      <Filter>Applications\_legacy_code</Filter>
    </Text>
    <Text Include="Legacy\Backups\3_8_22.txt">
      <Filter>Applications\_legacy_code</Filter>
    </Text>
  </ItemGroup>
</Project>